﻿﻿﻿﻿﻿﻿﻿﻿﻿﻿﻿﻿﻿﻿﻿<?xml version="1.0" encoding="utf-8"?>
<Project ToolsVersion="4.0" xmlns="http://schemas.microsoft.com/developer/msbuild/2003">
  <ItemGroup>
    <Filter Include="源文件">
      <UniqueIdentifier>{4FC737F1-C7A5-4376-A066-2A32D752A2FF}</UniqueIdentifier>
      <Extensions>cpp;c;cc;cxx;c++;cppm;ixx;def;odl;idl;hpj;bat;asm;asmx</Extensions>
    </Filter>
    <Filter Include="头文件">
      <UniqueIdentifier>{93995380-89BD-4b04-88EB-625FBE52EBFB}</UniqueIdentifier>
      <Extensions>h;hh;hpp;hxx;h++;hm;inl;inc;ipp;xsd</Extensions>
    </Filter>
    <Filter Include="资源文件">
      <UniqueIdentifier>{67DA6AB6-F800-4c08-8B7A-83BB121AAD01}</UniqueIdentifier>
      <Extensions>rc;ico;cur;bmp;dlg;rc2;rct;bin;rgs;gif;jpg;jpeg;jpe;resx;tiff;tif;png;wav;mfcribbon-ms</Extensions>
    </Filter>
  </ItemGroup>
  <ItemGroup>
    <ClInclude Include="framework.h">
      <Filter>头文件</Filter>
    </ClInclude>
    <ClInclude Include="targetver.h">
      <Filter>头文件</Filter>
    </ClInclude>
    <ClInclude Include="Resource.h">
      <Filter>头文件</Filter>
    </ClInclude>
    <ClInclude Include="src\Core\PDBViewer.h">
      <Filter>头文件</Filter>
    </ClInclude>
    <ClInclude Include="src\Managers\ConfigManager.h">
      <Filter>头文件</Filter>
    </ClInclude>
    <ClInclude Include="src\PDB\cvConst.h">
      <Filter>头文件</Filter>
    </ClInclude>
    <ClInclude Include="src\PDB\dia2.h">
      <Filter>头文件</Filter>
    </ClInclude>
    <ClInclude Include="src\PDB\diaCreate.h">
      <Filter>头文件</Filter>
    </ClInclude>
    <ClInclude Include="src\Managers\LanguageManager.h">
      <Filter>头文件</Filter>
    </ClInclude>
    <ClInclude Include="src\PDB\PDBData.h">
      <Filter>头文件</Filter>
    </ClInclude>
    <ClInclude Include="src\PDB\PDBExporter.h">
      <Filter>头文件</Filter>
    </ClInclude>
    <ClInclude Include="src\PDB\PDBHeaderGenerator.h">
      <Filter>头文件</Filter>
    </ClInclude>
    <ClInclude Include="src\PDB\PDBParser.h">
      <Filter>头文件</Filter>
    </ClInclude>
    <ClInclude Include="src\Managers\ControlsManager.h">
      <Filter>头文件</Filter>
    </ClInclude>
    <ClInclude Include="src\Managers\ExportManager.h">
      <Filter>头文件</Filter>
    </ClInclude>
    <ClInclude Include="src\Managers\HeaderViewManager.h">
      <Filter>头文件</Filter>
    </ClInclude>
    <ClInclude Include="src\Managers\ListViewManager.h">
      <Filter>头文件</Filter>
    </ClInclude>
    <ClInclude Include="src\Core\MainWindow.h">
      <Filter>头文件</Filter>
    </ClInclude>
    <ClInclude Include="src\Managers\MenuManager.h">
      <Filter>头文件</Filter>
    </ClInclude>
    <ClInclude Include="src\Managers\PDBViewerGlobals.h">
      <Filter>头文件</Filter>
    </ClInclude>
    <ClInclude Include="src\Managers\SearchManager.h">
      <Filter>头文件</Filter>
    </ClInclude>
    <ClInclude Include="src\Managers\TreeViewManager.h">
      <Filter>头文件</Filter>
    </ClInclude>
    <ClInclude Include="src\Managers\FontManager.h">
      <Filter>头文件</Filter>
    </ClInclude>
    <ClInclude Include="src\Managers\DragDropManager.h">
      <Filter>头文件</Filter>
    </ClInclude>
    <ClInclude Include="src\Managers\DPIManager.h">
      <Filter>头文件</Filter>
    </ClInclude>
    <ClInclude Include="src\Managers\ExportEnhancer.h">
      <Filter>头文件</Filter>
    </ClInclude>
    <ClInclude Include="src\Managers\SettingsManager.h">
      <Filter>头文件</Filter>
    </ClInclude>
    <ClInclude Include="src\Managers\FunctionInfoDisplayManager.h">
      <Filter>头文件</Filter>
    </ClInclude>
    <ClInclude Include="src\Managers\GlobalVarAddressManager.h">
      <Filter>头文件</Filter>
    </ClInclude>
    <ClInclude Include="src\Managers\SearchOptimizer.h">
      <Filter>头文件</Filter>
    </ClInclude>
  </ItemGroup>
  <ItemGroup>
    <ClCompile Include="src\Core\PDBViewer.cpp">
      <Filter>源文件</Filter>
    </ClCompile>
    <ClCompile Include="src\Managers\ConfigManager.cpp">
      <Filter>源文件</Filter>
    </ClCompile>
    <ClCompile Include="src\PDB\diaCreate.cpp">
      <Filter>源文件</Filter>
    </ClCompile>
    <ClCompile Include="src\Managers\LanguageManager.cpp">
      <Filter>源文件</Filter>
    </ClCompile>
    <ClCompile Include="src\PDB\PDBExporter.cpp">
      <Filter>源文件</Filter>
    </ClCompile>
    <ClCompile Include="src\PDB\PDBHeaderGenerator.cpp">
      <Filter>源文件</Filter>
    </ClCompile>
    <ClCompile Include="src\PDB\PDBParser.cpp">
      <Filter>源文件</Filter>
    </ClCompile>
    <ClCompile Include="src\Managers\ControlsManager.cpp">
      <Filter>源文件</Filter>
    </ClCompile>
    <ClCompile Include="src\Managers\ExportManager.cpp">
      <Filter>源文件</Filter>
    </ClCompile>
    <ClCompile Include="src\Managers\HeaderViewManager.cpp">
      <Filter>源文件</Filter>
    </ClCompile>
    <ClCompile Include="src\Managers\ListViewManager.cpp">
      <Filter>源文件</Filter>
    </ClCompile>
    <ClCompile Include="src\Managers\MenuManager.cpp">
      <Filter>源文件</Filter>
    </ClCompile>
    <ClCompile Include="src\Managers\PDBViewerGlobals.cpp">
      <Filter>源文件</Filter>
    </ClCompile>
    <ClCompile Include="src\Managers\SearchManager.cpp">
      <Filter>源文件</Filter>
    </ClCompile>
    <ClCompile Include="src\Managers\TreeViewManager.cpp">
      <Filter>源文件</Filter>
    </ClCompile>
    <ClCompile Include="src\Core\MainWindow.cpp">
      <Filter>源文件</Filter>
    </ClCompile>
    <ClCompile Include="src\Managers\FontManager.cpp">
      <Filter>源文件</Filter>
    </ClCompile>
    <ClCompile Include="src\Managers\DragDropManager.cpp">
      <Filter>源文件</Filter>
    </ClCompile>
    <ClCompile Include="src\Managers\DPIManager.cpp">
      <Filter>源文件</Filter>
    </ClCompile>
    <ClCompile Include="src\Managers\ExportEnhancer.cpp">
      <Filter>源文件</Filter>
    </ClCompile>
    <ClCompile Include="src\Managers\SettingsManager.cpp">
      <Filter>源文件</Filter>
    </ClCompile>
    <ClCompile Include="src\Managers\FunctionInfoDisplayManager.cpp">
      <Filter>源文件</Filter>
    </ClCompile>
    <ClCompile Include="src\Managers\GlobalVarAddressManager.cpp">
      <Filter>源文件</Filter>
    </ClCompile>
    <ClCompile Include="src\Managers\SearchOptimizer.cpp">
      <Filter>源文件</Filter>
    </ClCompile>
  </ItemGroup>
  <ItemGroup>
    <ResourceCompile Include="PDBViewer.rc">
      <Filter>资源文件</Filter>
    </ResourceCompile>
  </ItemGroup>
  <ItemGroup>
    <Image Include="small.ico">
      <Filter>资源文件</Filter>
    </Image>
    <Image Include="PDBViewer.ico">
      <Filter>资源文件</Filter>
    </Image>
  </ItemGroup>
</Project>
